
Microsoft Visual Studio Solution File, Format Version 12.00
# Visual Studio Version 16
VisualStudioVersion = 16.0.31424.327
MinimumVisualStudioVersion = 10.0.40219.1
Project("{9A19103F-16F7-4668-BE54-9A1E7A4F7556}") = "TableFootball", "TableFootball.csproj", "{A3C5D656-5307-41BC-8813-EBCCB208A766}"
EndProject
Global
	GlobalSection(SolutionConfigurationPlatforms) = preSolution
		Debug|Any CPU = Debug|Any CPU
		Release|Any CPU = Release|Any CPU
	EndGlobalSection
	GlobalSection(ProjectConfigurationPlatforms) = postSolution
		{A3C5D656-5307-41BC-8813-EBCCB208A766}.Debug|Any CPU.ActiveCfg = Debug|Any CPU
		{A3C5D656-5307-41BC-8813-EBCCB208A766}.Debug|Any CPU.Build.0 = Debug|Any CPU
		{A3C5D656-5307-41BC-8813-EBCCB208A766}.Release|Any CPU.ActiveCfg = Release|Any CPU
		{A3C5D656-5307-41BC-8813-EBCCB208A766}.Release|Any CPU.Build.0 = Release|Any CPU
	EndGlobalSection
	GlobalSection(SolutionProperties) = preSolution
		HideSolutionNode = FALSE
	EndGlobalSection
	GlobalSection(ExtensibilityGlobals) = postSolution
		SolutionGuid = {188E06B9-D6EA-4354-A1D0-AC98A37B4BFF}
	EndGlobalSection
EndGlobal
